{
  "nodes": {
    "doomemacs": {
      "flake": false,
      "locked": {
        "lastModified": 1726135585,
        "narHash": "sha256-jM43QSbHLP1x29h4F9JuuRkbsfGX1iCwwMPkXFq3RZY=",
        "owner": "doomemacs",
        "repo": "doomemacs",
        "rev": "9359a81e8103aa19dba40eff4be802ec55a38e97",
        "type": "github"
      },
      "original": {
        "owner": "doomemacs",
        "repo": "doomemacs",
        "type": "github"
      }
    },
    "emacs-overlay": {
      "inputs": {
        "flake-utils": "flake-utils",
        "nixpkgs": [
          "unstraightened"
        ],
        "nixpkgs-stable": [
          "unstraightened"
        ]
      },
      "locked": {
        "lastModified": 1726132515,
        "narHash": "sha256-AmNvjJ5IzJzCHc+I8JYMGFO3dXXTTrIoTfg6tpUImSE=",
        "owner": "nix-community",
        "repo": "emacs-overlay",
        "rev": "5788c86646c42ebce3d8731fccd4f973b530240b",
        "type": "github"
      },
      "original": {
        "owner": "nix-community",
        "repo": "emacs-overlay",
        "type": "github"
      }
    },
    "flake-utils": {
      "inputs": {
        "systems": "systems"
      },
      "locked": {
        "lastModified": 1710146030,
        "narHash": "sha256-SZ5L6eA7HJ/nmkzGG7/ISclqe6oZdOZTNoesiInkXPQ=",
        "owner": "numtide",
        "repo": "flake-utils",
        "rev": "b1d9ab70662946ef0850d488da1c9019f3a9752a",
        "type": "github"
      },
      "original": {
        "owner": "numtide",
        "repo": "flake-utils",
        "type": "github"
      }
    },
    "home-manager": {
      "inputs": {
        "nixpkgs": [
          "nixpkgs"
        ]
      },
      "locked": {
        "lastModified": 1726142087,
        "narHash": "sha256-uT4TRd3PgreUD5sJaNioVfMemdyWFLoPHqN4AFszGmw=",
        "owner": "nix-community",
        "repo": "home-manager",
        "rev": "da8406a6ff556b86dc368e96ca8bd81b2704a91a",
        "type": "github"
      },
      "original": {
        "owner": "nix-community",
        "repo": "home-manager",
        "type": "github"
      }
    },
    "impermanence": {
      "locked": {
        "lastModified": 1725690722,
        "narHash": "sha256-4qWg9sNh5g1qPGO6d/GV2ktY+eDikkBTbWSg5/iD2nY=",
        "owner": "nix-community",
        "repo": "impermanence",
        "rev": "63f4d0443e32b0dd7189001ee1894066765d18a5",
        "type": "github"
      },
      "original": {
        "owner": "nix-community",
        "repo": "impermanence",
        "type": "github"
      }
    },
    "nixos-hardware": {
      "locked": {
        "lastModified": 1725885300,
        "narHash": "sha256-5RLEnou1/GJQl+Wd+Bxaj7QY7FFQ9wjnFq1VNEaxTmc=",
        "owner": "NixOS",
        "repo": "nixos-hardware",
        "rev": "166dee4f88a7e3ba1b7a243edb1aca822f00680e",
        "type": "github"
      },
      "original": {
        "owner": "NixOS",
        "repo": "nixos-hardware",
        "type": "github"
      }
    },
    "nixpkgs": {
      "locked": {
        "lastModified": 1725983898,
        "narHash": "sha256-4b3A9zPpxAxLnkF9MawJNHDtOOl6ruL0r6Og1TEDGCE=",
        "owner": "nixos",
        "repo": "nixpkgs",
        "rev": "1355a0cbfeac61d785b7183c0caaec1f97361b43",
        "type": "github"
      },
      "original": {
        "owner": "nixos",
        "ref": "nixos-unstable",
        "repo": "nixpkgs",
        "type": "github"
      }
    },
    "nur": {
      "locked": {
        "lastModified": 1726144869,
        "narHash": "sha256-qkhOz11M4PbadbiLVxlPqFk0q3vOJIFjyA0BoXrO7f8=",
        "owner": "nix-community",
        "repo": "NUR",
        "rev": "6c0484657df7e38bf357339c2db5bc6e91169d4a",
        "type": "github"
      },
      "original": {
        "owner": "nix-community",
        "repo": "NUR",
        "type": "github"
      }
    },
    "root": {
      "inputs": {
        "home-manager": "home-manager",
        "impermanence": "impermanence",
        "nixos-hardware": "nixos-hardware",
        "nixpkgs": "nixpkgs",
        "nur": "nur",
        "unstraightened": "unstraightened"
      }
    },
    "systems": {
      "locked": {
        "lastModified": 1681028828,
        "narHash": "sha256-Vy1rq5AaRuLzOxct8nz4T6wlgyUR7zLU309k9mBC768=",
        "owner": "nix-systems",
        "repo": "default",
        "rev": "da67096a3b9bf56a91d16901293e51ba5b49a27e",
        "type": "github"
      },
      "original": {
        "owner": "nix-systems",
        "repo": "default",
        "type": "github"
      }
    },
    "systems_2": {
      "locked": {
        "lastModified": 1681028828,
        "narHash": "sha256-Vy1rq5AaRuLzOxct8nz4T6wlgyUR7zLU309k9mBC768=",
        "owner": "nix-systems",
        "repo": "default",
        "rev": "da67096a3b9bf56a91d16901293e51ba5b49a27e",
        "type": "github"
      },
      "original": {
        "owner": "nix-systems",
        "repo": "default",
        "type": "github"
      }
    },
    "unstraightened": {
      "inputs": {
        "doomemacs": "doomemacs",
        "emacs-overlay": "emacs-overlay",
        "nixpkgs": [],
        "systems": "systems_2"
      },
      "locked": {
        "lastModified": 1726147546,
        "narHash": "sha256-Sgq54HI7D5+nVdLMhFvPDORkd19hWewAvW6cQM4qW18=",
        "owner": "marienz",
        "repo": "nix-doom-emacs-unstraightened",
        "rev": "b0caf064a96a37a52f89cd02957f201630a1b132",
        "type": "github"
      },
      "original": {
        "owner": "marienz",
        "repo": "nix-doom-emacs-unstraightened",
        "type": "github"
      }
    }
  },
  "root": "root",
  "version": 7
}
